
Microsoft Visual Studio Solution File, Format Version 12.00
# Visual Studio Version 17
VisualStudioVersion = 17.11.35312.102
MinimumVisualStudioVersion = 10.0.40219.1
Project("{FAE04EC0-301F-11D3-BF4B-00C04F79EFBC}") = "MDIProject", "MDIProject.csproj", "{564DAE67-CD2B-4B45-B5C3-1CD1EF208355}"
EndProject
Global
	GlobalSection(SolutionConfigurationPlatforms) = preSolution
		Debug|Any CPU = Debug|Any CPU
		Release|Any CPU = Release|Any CPU
	EndGlobalSection
	GlobalSection(ProjectConfigurationPlatforms) = postSolution
		{564DAE67-CD2B-4B45-B5C3-1CD1EF208355}.Debug|Any CPU.ActiveCfg = Debug|Any CPU
		{564DAE67-CD2B-4B45-B5C3-1CD1EF208355}.Debug|Any CPU.Build.0 = Debug|Any CPU
		{564DAE67-CD2B-4B45-B5C3-1CD1EF208355}.Release|Any CPU.ActiveCfg = Release|Any CPU
		{564DAE67-CD2B-4B45-B5C3-1CD1EF208355}.Release|Any CPU.Build.0 = Release|Any CPU
	EndGlobalSection
	GlobalSection(SolutionProperties) = preSolution
		HideSolutionNode = FALSE
	EndGlobalSection
	GlobalSection(ExtensibilityGlobals) = postSolution
		SolutionGuid = {AFB83480-BB82-40CB-8391-4AA95E2F521C}
	EndGlobalSection
EndGlobal
